
Microsoft Visual Studio Solution File, Format Version 12.00
# Visual Studio Express 2012 for Windows Desktop
Project("{FAE04EC0-301F-11D3-BF4B-00C04F79EFBC}") = "PeerstPlayer", "PeerstPlayer\PeerstPlayer.csproj", "{FE9547DB-9F93-4FB1-BACD-30075239738D}"
EndProject
Project("{FAE04EC0-301F-11D3-BF4B-00C04F79EFBC}") = "Shule.Peerst", "..\..\..\GitHub\PeerstPlayer\src\Shule.Peerst\Shule.Peerst.csproj", "{F5B9B548-CB1C-4065-82CC-B4344DA0C337}"
EndProject
Global
	GlobalSection(SolutionConfigurationPlatforms) = preSolution
		Debug|Any CPU = Debug|Any CPU
		Release|Any CPU = Release|Any CPU
	EndGlobalSection
	GlobalSection(ProjectConfigurationPlatforms) = postSolution
		{FE9547DB-9F93-4FB1-BACD-30075239738D}.Debug|Any CPU.ActiveCfg = Debug|Any CPU
		{FE9547DB-9F93-4FB1-BACD-30075239738D}.Debug|Any CPU.Build.0 = Debug|Any CPU
		{FE9547DB-9F93-4FB1-BACD-30075239738D}.Release|Any CPU.ActiveCfg = Release|Any CPU
		{FE9547DB-9F93-4FB1-BACD-30075239738D}.Release|Any CPU.Build.0 = Release|Any CPU
		{F5B9B548-CB1C-4065-82CC-B4344DA0C337}.Debug|Any CPU.ActiveCfg = Debug|Any CPU
		{F5B9B548-CB1C-4065-82CC-B4344DA0C337}.Debug|Any CPU.Build.0 = Debug|Any CPU
		{F5B9B548-CB1C-4065-82CC-B4344DA0C337}.Release|Any CPU.ActiveCfg = Release|Any CPU
		{F5B9B548-CB1C-4065-82CC-B4344DA0C337}.Release|Any CPU.Build.0 = Release|Any CPU
	EndGlobalSection
	GlobalSection(SolutionProperties) = preSolution
		HideSolutionNode = FALSE
	EndGlobalSection
EndGlobal
