
Microsoft Visual Studio Solution File, Format Version 12.00
# Visual Studio Express 2012 for Windows Desktop
Project("{FAE04EC0-301F-11D3-BF4B-00C04F79EFBC}") = "PeerstPlayer", "PeerstPlayer\PeerstPlayer.csproj", "{F95F9F85-885B-4907-8253-921DBE380065}"
EndProject
Global
	GlobalSection(SolutionConfigurationPlatforms) = preSolution
		Debug|Any CPU = Debug|Any CPU
		Release|Any CPU = Release|Any CPU
	EndGlobalSection
	GlobalSection(ProjectConfigurationPlatforms) = postSolution
		{F95F9F85-885B-4907-8253-921DBE380065}.Debug|Any CPU.ActiveCfg = Debug|Any CPU
		{F95F9F85-885B-4907-8253-921DBE380065}.Debug|Any CPU.Build.0 = Debug|Any CPU
		{F95F9F85-885B-4907-8253-921DBE380065}.Release|Any CPU.ActiveCfg = Release|Any CPU
		{F95F9F85-885B-4907-8253-921DBE380065}.Release|Any CPU.Build.0 = Release|Any CPU
	EndGlobalSection
	GlobalSection(SolutionProperties) = preSolution
		HideSolutionNode = FALSE
	EndGlobalSection
EndGlobal
